// !$*UTF8*$!
{
	archiveVersion = 1;
	classes = {
	};
	objectVersion = 50;
	objects = {

/* Begin PBXBuildFile section */
		046EA87625811DAC0098C341 /* AppDelegate.m in Sources */ = {isa = PBXBuildFile; fileRef = 046EA87525811DAC0098C341 /* AppDelegate.m */; };
		046EA87925811DAC0098C341 /* SceneDelegate.m in Sources */ = {isa = PBXBuildFile; fileRef = 046EA87825811DAC0098C341 /* SceneDelegate.m */; };
		046EA87C25811DAC0098C341 /* ViewController.m in Sources */ = {isa = PBXBuildFile; fileRef = 046EA87B25811DAC0098C341 /* ViewController.m */; };
		046EA87F25811DAC0098C341 /* Main.storyboard in Resources */ = {isa = PBXBuildFile; fileRef = 046EA87D25811DAC0098C341 /* Main.storyboard */; };
		046EA88125811DAE0098C341 /* Assets.xcassets in Resources */ = {isa = PBXBuildFile; fileRef = 046EA88025811DAE0098C341 /* Assets.xcassets */; };
		046EA88425811DAE0098C341 /* LaunchScreen.storyboard in Resources */ = {isa = PBXBuildFile; fileRef = 046EA88225811DAE0098C341 /* LaunchScreen.storyboard */; };
		046EA88725811DAE0098C341 /* main.m in Sources */ = {isa = PBXBuildFile; fileRef = 046EA88625811DAE0098C341 /* main.m */; };
		046EA89125811DAE0098C341 /* WCT_________Tests.m in Sources */ = {isa = PBXBuildFile; fileRef = 046EA89025811DAE0098C341 /* WCT_________Tests.m */; };
		046EA89C25811DAE0098C341 /* WCT_________UITests.m in Sources */ = {isa = PBXBuildFile; fileRef = 046EA89B25811DAE0098C341 /* WCT_________UITests.m */; };
		046EA8AE25811DC20098C341 /* SuperView.m in Sources */ = {isa = PBXBuildFile; fileRef = 046EA8AD25811DC20098C341 /* SuperView.m */; };
		046EA8B425811DCC0098C341 /* SonView1.m in Sources */ = {isa = PBXBuildFile; fileRef = 046EA8B325811DCC0098C341 /* SonView1.m */; };
		046EA8BA25811DD60098C341 /* SonView2.m in Sources */ = {isa = PBXBuildFile; fileRef = 046EA8B925811DD60098C341 /* SonView2.m */; };
/* End PBXBuildFile section */

/* Begin PBXContainerItemProxy section */
		046EA88D25811DAE0098C341 /* PBXContainerItemProxy */ = {
			isa = PBXContainerItemProxy;
			containerPortal = 046EA86925811DAC0098C341 /* Project object */;
			proxyType = 1;
			remoteGlobalIDString = 046EA87025811DAC0098C341;
			remoteInfo = "WCT设计模式-组合模式";
		};
		046EA89825811DAE0098C341 /* PBXContainerItemProxy */ = {
			isa = PBXContainerItemProxy;
			containerPortal = 046EA86925811DAC0098C341 /* Project object */;
			proxyType = 1;
			remoteGlobalIDString = 046EA87025811DAC0098C341;
			remoteInfo = "WCT设计模式-组合模式";
		};
/* End PBXContainerItemProxy section */

/* Begin PBXFileReference section */
		046EA87125811DAC0098C341 /* WCT设计模式-组合模式.app */ = {isa = PBXFileReference; explicitFileType = wrapper.application; includeInIndex = 0; path = "WCT设计模式-组合模式.app"; sourceTree = BUILT_PRODUCTS_DIR; };
		046EA87425811DAC0098C341 /* AppDelegate.h */ = {isa = PBXFileReference; lastKnownFileType = sourcecode.c.h; path = AppDelegate.h; sourceTree = "<group>"; };
		046EA87525811DAC0098C341 /* AppDelegate.m */ = {isa = PBXFileReference; lastKnownFileType = sourcecode.c.objc; path = AppDelegate.m; sourceTree = "<group>"; };
		046EA87725811DAC0098C341 /* SceneDelegate.h */ = {isa = PBXFileReference; lastKnownFileType = sourcecode.c.h; path = SceneDelegate.h; sourceTree = "<group>"; };
		046EA87825811DAC0098C341 /* SceneDelegate.m */ = {isa = PBXFileReference; lastKnownFileType = sourcecode.c.objc; path = SceneDelegate.m; sourceTree = "<group>"; };
		046EA87A25811DAC0098C341 /* ViewController.h */ = {isa = PBXFileReference; lastKnownFileType = sourcecode.c.h; path = ViewController.h; sourceTree = "<group>"; };
		046EA87B25811DAC0098C341 /* ViewController.m */ = {isa = PBXFileReference; lastKnownFileType = sourcecode.c.objc; path = ViewController.m; sourceTree = "<group>"; };
		046EA87E25811DAC0098C341 /* Base */ = {isa = PBXFileReference; lastKnownFileType = file.storyboard; name = Base; path = Base.lproj/Main.storyboard; sourceTree = "<group>"; };
		046EA88025811DAE0098C341 /* Assets.xcassets */ = {isa = PBXFileReference; lastKnownFileType = folder.assetcatalog; path = Assets.xcassets; sourceTree = "<group>"; };
		046EA88325811DAE0098C341 /* Base */ = {isa = PBXFileReference; lastKnownFileType = file.storyboard; name = Base; path = Base.lproj/LaunchScreen.storyboard; sourceTree = "<group>"; };
		046EA88525811DAE0098C341 /* Info.plist */ = {isa = PBXFileReference; lastKnownFileType = text.plist.xml; path = Info.plist; sourceTree = "<group>"; };
		046EA88625811DAE0098C341 /* main.m */ = {isa = PBXFileReference; lastKnownFileType = sourcecode.c.objc; path = main.m; sourceTree = "<group>"; };
		046EA88C25811DAE0098C341 /* WCT设计模式-组合模式Tests.xctest */ = {isa = PBXFileReference; explicitFileType = wrapper.cfbundle; includeInIndex = 0; path = "WCT设计模式-组合模式Tests.xctest"; sourceTree = BUILT_PRODUCTS_DIR; };
		046EA89025811DAE0098C341 /* WCT_________Tests.m */ = {isa = PBXFileReference; lastKnownFileType = sourcecode.c.objc; path = "WCT_________Tests.m"; sourceTree = "<group>"; };
		046EA89225811DAE0098C341 /* Info.plist */ = {isa = PBXFileReference; lastKnownFileType = text.plist.xml; path = Info.plist; sourceTree = "<group>"; };
		046EA89725811DAE0098C341 /* WCT设计模式-组合模式UITests.xctest */ = {isa = PBXFileReference; explicitFileType = wrapper.cfbundle; includeInIndex = 0; path = "WCT设计模式-组合模式UITests.xctest"; sourceTree = BUILT_PRODUCTS_DIR; };
		046EA89B25811DAE0098C341 /* WCT_________UITests.m */ = {isa = PBXFileReference; lastKnownFileType = sourcecode.c.objc; path = "WCT_________UITests.m"; sourceTree = "<group>"; };
		046EA89D25811DAE0098C341 /* Info.plist */ = {isa = PBXFileReference; lastKnownFileType = text.plist.xml; path = Info.plist; sourceTree = "<group>"; };
		046EA8AC25811DC20098C341 /* SuperView.h */ = {isa = PBXFileReference; lastKnownFileType = sourcecode.c.h; path = SuperView.h; sourceTree = "<group>"; };
		046EA8AD25811DC20098C341 /* SuperView.m */ = {isa = PBXFileReference; lastKnownFileType = sourcecode.c.objc; path = SuperView.m; sourceTree = "<group>"; };
		046EA8B225811DCC0098C341 /* SonView1.h */ = {isa = PBXFileReference; lastKnownFileType = sourcecode.c.h; path = SonView1.h; sourceTree = "<group>"; };
		046EA8B325811DCC0098C341 /* SonView1.m */ = {isa = PBXFileReference; lastKnownFileType = sourcecode.c.objc; path = SonView1.m; sourceTree = "<group>"; };
		046EA8B825811DD60098C341 /* SonView2.h */ = {isa = PBXFileReference; lastKnownFileType = sourcecode.c.h; path = SonView2.h; sourceTree = "<group>"; };
		046EA8B925811DD60098C341 /* SonView2.m */ = {isa = PBXFileReference; lastKnownFileType = sourcecode.c.objc; path = SonView2.m; sourceTree = "<group>"; };
/* End PBXFileReference section */

/* Begin PBXFrameworksBuildPhase section */
		046EA86E25811DAC0098C341 /* Frameworks */ = {
			isa = PBXFrameworksBuildPhase;
			buildActionMask = 2147483647;
			files = (
			);
			runOnlyForDeploymentPostprocessing = 0;
		};
		046EA88925811DAE0098C341 /* Frameworks */ = {
			isa = PBXFrameworksBuildPhase;
			buildActionMask = 2147483647;
			files = (
			);
			runOnlyForDeploymentPostprocessing = 0;
		};
		046EA89425811DAE0098C341 /* Frameworks */ = {
			isa = PBXFrameworksBuildPhase;
			buildActionMask = 2147483647;
			files = (
			);
			runOnlyForDeploymentPostprocessing = 0;
		};
/* End PBXFrameworksBuildPhase section */

/* Begin PBXGroup section */
		046EA86825811DAC0098C341 = {
			isa = PBXGroup;
			children = (
				046EA87325811DAC0098C341 /* WCT设计模式-组合模式 */,
				046EA88F25811DAE0098C341 /* WCT设计模式-组合模式Tests */,
				046EA89A25811DAE0098C341 /* WCT设计模式-组合模式UITests */,
				046EA87225811DAC0098C341 /* Products */,
			);
			sourceTree = "<group>";
		};
		046EA87225811DAC0098C341 /* Products */ = {
			isa = PBXGroup;
			children = (
				046EA87125811DAC0098C341 /* WCT设计模式-组合模式.app */,
				046EA88C25811DAE0098C341 /* WCT设计模式-组合模式Tests.xctest */,
				046EA89725811DAE0098C341 /* WCT设计模式-组合模式UITests.xctest */,
			);
			name = Products;
			sourceTree = "<group>";
		};
		046EA87325811DAC0098C341 /* WCT设计模式-组合模式 */ = {
			isa = PBXGroup;
			children = (
				046EA87425811DAC0098C341 /* AppDelegate.h */,
				046EA87525811DAC0098C341 /* AppDelegate.m */,
				046EA87725811DAC0098C341 /* SceneDelegate.h */,
				046EA87825811DAC0098C341 /* SceneDelegate.m */,
				046EA87A25811DAC0098C341 /* ViewController.h */,
				046EA87B25811DAC0098C341 /* ViewController.m */,
				046EA8AC25811DC20098C341 /* SuperView.h */,
				046EA8AD25811DC20098C341 /* SuperView.m */,
				046EA8B225811DCC0098C341 /* SonView1.h */,
				046EA8B325811DCC0098C341 /* SonView1.m */,
				046EA8B825811DD60098C341 /* SonView2.h */,
				046EA8B925811DD60098C341 /* SonView2.m */,
				046EA87D25811DAC0098C341 /* Main.storyboard */,
				046EA88025811DAE0098C341 /* Assets.xcassets */,
				046EA88225811DAE0098C341 /* LaunchScreen.storyboard */,
				046EA88525811DAE0098C341 /* Info.plist */,
				046EA88625811DAE0098C341 /* main.m */,
			);
			path = "WCT设计模式-组合模式";
			sourceTree = "<group>";
		};
		046EA88F25811DAE0098C341 /* WCT设计模式-组合模式Tests */ = {
			isa = PBXGroup;
			children = (
				046EA89025811DAE0098C341 /* WCT_________Tests.m */,
				046EA89225811DAE0098C341 /* Info.plist */,
			);
			path = "WCT设计模式-组合模式Tests";
			sourceTree = "<group>";
		};
		046EA89A25811DAE0098C341 /* WCT设计模式-组合模式UITests */ = {
			isa = PBXGroup;
			children = (
				046EA89B25811DAE0098C341 /* WCT_________UITests.m */,
				046EA89D25811DAE0098C341 /* Info.plist */,
			);
			path = "WCT设计模式-组合模式UITests";
			sourceTree = "<group>";
		};
/* End PBXGroup section */

/* Begin PBXNativeTarget section */
		046EA87025811DAC0098C341 /* WCT设计模式-组合模式 */ = {
			isa = PBXNativeTarget;
			buildConfigurationList = 046EA8A025811DAE0098C341 /* Build configuration list for PBXNativeTarget "WCT设计模式-组合模式" */;
			buildPhases = (
				046EA86D25811DAC0098C341 /* Sources */,
				046EA86E25811DAC0098C341 /* Frameworks */,
				046EA86F25811DAC0098C341 /* Resources */,
			);
			buildRules = (
			);
			dependencies = (
			);
			name = "WCT设计模式-组合模式";
			productName = "WCT设计模式-组合模式";
			productReference = 046EA87125811DAC0098C341 /* WCT设计模式-组合模式.app */;
			productType = "com.apple.product-type.application";
		};
		046EA88B25811DAE0098C341 /* WCT设计模式-组合模式Tests */ = {
			isa = PBXNativeTarget;
			buildConfigurationList = 046EA8A325811DAE0098C341 /* Build configuration list for PBXNativeTarget "WCT设计模式-组合模式Tests" */;
			buildPhases = (
				046EA88825811DAE0098C341 /* Sources */,
				046EA88925811DAE0098C341 /* Frameworks */,
				046EA88A25811DAE0098C341 /* Resources */,
			);
			buildRules = (
			);
			dependencies = (
				046EA88E25811DAE0098C341 /* PBXTargetDependency */,
			);
			name = "WCT设计模式-组合模式Tests";
			productName = "WCT设计模式-组合模式Tests";
			productReference = 046EA88C25811DAE0098C341 /* WCT设计模式-组合模式Tests.xctest */;
			productType = "com.apple.product-type.bundle.unit-test";
		};
		046EA89625811DAE0098C341 /* WCT设计模式-组合模式UITests */ = {
			isa = PBXNativeTarget;
			buildConfigurationList = 046EA8A625811DAE0098C341 /* Build configuration list for PBXNativeTarget "WCT设计模式-组合模式UITests" */;
			buildPhases = (
				046EA89325811DAE0098C341 /* Sources */,
				046EA89425811DAE0098C341 /* Frameworks */,
				046EA89525811DAE0098C341 /* Resources */,
			);
			buildRules = (
			);
			dependencies = (
				046EA89925811DAE0098C341 /* PBXTargetDependency */,
			);
			name = "WCT设计模式-组合模式UITests";
			productName = "WCT设计模式-组合模式UITests";
			productReference = 046EA89725811DAE0098C341 /* WCT设计模式-组合模式UITests.xctest */;
			productType = "com.apple.product-type.bundle.ui-testing";
		};
/* End PBXNativeTarget section */

/* Begin PBXProject section */
		046EA86925811DAC0098C341 /* Project object */ = {
			isa = PBXProject;
			attributes = {
				LastUpgradeCheck = 1200;
				TargetAttributes = {
					046EA87025811DAC0098C341 = {
						CreatedOnToolsVersion = 12.0.1;
					};
					046EA88B25811DAE0098C341 = {
						CreatedOnToolsVersion = 12.0.1;
						TestTargetID = 046EA87025811DAC0098C341;
					};
					046EA89625811DAE0098C341 = {
						CreatedOnToolsVersion = 12.0.1;
						TestTargetID = 046EA87025811DAC0098C341;
					};
				};
			};
			buildConfigurationList = 046EA86C25811DAC0098C341 /* Build configuration list for PBXProject "WCT设计模式-组合模式" */;
			compatibilityVersion = "Xcode 9.3";
			developmentRegion = en;
			hasScannedForEncodings = 0;
			knownRegions = (
				en,
				Base,
			);
			mainGroup = 046EA86825811DAC0098C341;
			productRefGroup = 046EA87225811DAC0098C341 /* Products */;
			projectDirPath = "";
			projectRoot = "";
			targets = (
				046EA87025811DAC0098C341 /* WCT设计模式-组合模式 */,
				046EA88B25811DAE0098C341 /* WCT设计模式-组合模式Tests */,
				046EA89625811DAE0098C341 /* WCT设计模式-组合模式UITests */,
			);
		};
/* End PBXProject section */

/* Begin PBXResourcesBuildPhase section */
		046EA86F25811DAC0098C341 /* Resources */ = {
			isa = PBXResourcesBuildPhase;
			buildActionMask = 2147483647;
			files = (
				046EA88425811DAE0098C341 /* LaunchScreen.storyboard in Resources */,
				046EA88125811DAE0098C341 /* Assets.xcassets in Resources */,
				046EA87F25811DAC0098C341 /* Main.storyboard in Resources */,
			);
			runOnlyForDeploymentPostprocessing = 0;
		};
		046EA88A25811DAE0098C341 /* Resources */ = {
			isa = PBXResourcesBuildPhase;
			buildActionMask = 2147483647;
			files = (
			);
			runOnlyForDeploymentPostprocessing = 0;
		};
		046EA89525811DAE0098C341 /* Resources */ = {
			isa = PBXResourcesBuildPhase;
			buildActionMask = 2147483647;
			files = (
			);
			runOnlyForDeploymentPostprocessing = 0;
		};
/* End PBXResourcesBuildPhase section */

/* Begin PBXSourcesBuildPhase section */
		046EA86D25811DAC0098C341 /* Sources */ = {
			isa = PBXSourcesBuildPhase;
			buildActionMask = 2147483647;
			files = (
				046EA87C25811DAC0098C341 /* ViewController.m in Sources */,
				046EA87625811DAC0098C341 /* AppDelegate.m in Sources */,
				046EA8AE25811DC20098C341 /* SuperView.m in Sources */,
				046EA88725811DAE0098C341 /* main.m in Sources */,
				046EA87925811DAC0098C341 /* SceneDelegate.m in Sources */,
				046EA8B425811DCC0098C341 /* SonView1.m in Sources */,
				046EA8BA25811DD60098C341 /* SonView2.m in Sources */,
			);
			runOnlyForDeploymentPostprocessing = 0;
		};
		046EA88825811DAE0098C341 /* Sources */ = {
			isa = PBXSourcesBuildPhase;
			buildActionMask = 2147483647;
			files = (
				046EA89125811DAE0098C341 /* WCT_________Tests.m in Sources */,
			);
			runOnlyForDeploymentPostprocessing = 0;
		};
		046EA89325811DAE0098C341 /* Sources */ = {
			isa = PBXSourcesBuildPhase;
			buildActionMask = 2147483647;
			files = (
				046EA89C25811DAE0098C341 /* WCT_________UITests.m in Sources */,
			);
			runOnlyForDeploymentPostprocessing = 0;
		};
/* End PBXSourcesBuildPhase section */

/* Begin PBXTargetDependency section */
		046EA88E25811DAE0098C341 /* PBXTargetDependency */ = {
			isa = PBXTargetDependency;
			target = 046EA87025811DAC0098C341 /* WCT设计模式-组合模式 */;
			targetProxy = 046EA88D25811DAE0098C341 /* PBXContainerItemProxy */;
		};
		046EA89925811DAE0098C341 /* PBXTargetDependency */ = {
			isa = PBXTargetDependency;
			target = 046EA87025811DAC0098C341 /* WCT设计模式-组合模式 */;
			targetProxy = 046EA89825811DAE0098C341 /* PBXContainerItemProxy */;
		};
/* End PBXTargetDependency section */

/* Begin PBXVariantGroup section */
		046EA87D25811DAC0098C341 /* Main.storyboard */ = {
			isa = PBXVariantGroup;
			children = (
				046EA87E25811DAC0098C341 /* Base */,
			);
			name = Main.storyboard;
			sourceTree = "<group>";
		};
		046EA88225811DAE0098C341 /* LaunchScreen.storyboard */ = {
			isa = PBXVariantGroup;
			children = (
				046EA88325811DAE0098C341 /* Base */,
			);
			name = LaunchScreen.storyboard;
			sourceTree = "<group>";
		};
/* End PBXVariantGroup section */

/* Begin XCBuildConfiguration section */
		046EA89E25811DAE0098C341 /* Debug */ = {
			isa = XCBuildConfiguration;
			buildSettings = {
				ALWAYS_SEARCH_USER_PATHS = NO;
				CLANG_ANALYZER_NONNULL = YES;
				CLANG_ANALYZER_NUMBER_OBJECT_CONVERSION = YES_AGGRESSIVE;
				CLANG_CXX_LANGUAGE_STANDARD = "gnu++14";
				CLANG_CXX_LIBRARY = "libc++";
				CLANG_ENABLE_MODULES = YES;
				CLANG_ENABLE_OBJC_ARC = YES;
				CLANG_ENABLE_OBJC_WEAK = YES;
				CLANG_WARN_BLOCK_CAPTURE_AUTORELEASING = YES;
				CLANG_WARN_BOOL_CONVERSION = YES;
				CLANG_WARN_COMMA = YES;
				CLANG_WARN_CONSTANT_CONVERSION = YES;
				CLANG_WARN_DEPRECATED_OBJC_IMPLEMENTATIONS = YES;
				CLANG_WARN_DIRECT_OBJC_ISA_USAGE = YES_ERROR;
				CLANG_WARN_DOCUMENTATION_COMMENTS = YES;
				CLANG_WARN_EMPTY_BODY = YES;
				CLANG_WARN_ENUM_CONVERSION = YES;
				CLANG_WARN_INFINITE_RECURSION = YES;
				CLANG_WARN_INT_CONVERSION = YES;
				CLANG_WARN_NON_LITERAL_NULL_CONVERSION = YES;
				CLANG_WARN_OBJC_IMPLICIT_RETAIN_SELF = YES;
				CLANG_WARN_OBJC_LITERAL_CONVERSION = YES;
				CLANG_WARN_OBJC_ROOT_CLASS = YES_ERROR;
				CLANG_WARN_QUOTED_INCLUDE_IN_FRAMEWORK_HEADER = YES;
				CLANG_WARN_RANGE_LOOP_ANALYSIS = YES;
				CLANG_WARN_STRICT_PROTOTYPES = YES;
				CLANG_WARN_SUSPICIOUS_MOVE = YES;
				CLANG_WARN_UNGUARDED_AVAILABILITY = YES_AGGRESSIVE;
				CLANG_WARN_UNREACHABLE_CODE = YES;
				CLANG_WARN__DUPLICATE_METHOD_MATCH = YES;
				COPY_PHASE_STRIP = NO;
				DEBUG_INFORMATION_FORMAT = dwarf;
				ENABLE_STRICT_OBJC_MSGSEND = YES;
				ENABLE_TESTABILITY = YES;
				GCC_C_LANGUAGE_STANDARD = gnu11;
				GCC_DYNAMIC_NO_PIC = NO;
				GCC_NO_COMMON_BLOCKS = YES;
				GCC_OPTIMIZATION_LEVEL = 0;
				GCC_PREPROCESSOR_DEFINITIONS = (
					"DEBUG=1",
					"$(inherited)",
				);
				GCC_WARN_64_TO_32_BIT_CONVERSION = YES;
				GCC_WARN_ABOUT_RETURN_TYPE = YES_ERROR;
				GCC_WARN_UNDECLARED_SELECTOR = YES;
				GCC_WARN_UNINITIALIZED_AUTOS = YES_AGGRESSIVE;
				GCC_WARN_UNUSED_FUNCTION = YES;
				GCC_WARN_UNUSED_VARIABLE = YES;
				IPHONEOS_DEPLOYMENT_TARGET = 14.0;
				MTL_ENABLE_DEBUG_INFO = INCLUDE_SOURCE;
				MTL_FAST_MATH = YES;
				ONLY_ACTIVE_ARCH = YES;
				SDKROOT = iphoneos;
			};
			name = Debug;
		};
		046EA89F25811DAE0098C341 /* Release */ = {
			isa = XCBuildConfiguration;
			buildSettings = {
				ALWAYS_SEARCH_USER_PATHS = NO;
				CLANG_ANALYZER_NONNULL = YES;
				CLANG_ANALYZER_NUMBER_OBJECT_CONVERSION = YES_AGGRESSIVE;
				CLANG_CXX_LANGUAGE_STANDARD = "gnu++14";
				CLANG_CXX_LIBRARY = "libc++";
				CLANG_ENABLE_MODULES = YES;
				CLANG_ENABLE_OBJC_ARC = YES;
				CLANG_ENABLE_OBJC_WEAK = YES;
				CLANG_WARN_BLOCK_CAPTURE_AUTORELEASING = YES;
				CLANG_WARN_BOOL_CONVERSION = YES;
				CLANG_WARN_COMMA = YES;
				CLANG_WARN_CONSTANT_CONVERSION = YES;
				CLANG_WARN_DEPRECATED_OBJC_IMPLEMENTATIONS = YES;
				CLANG_WARN_DIRECT_OBJC_ISA_USAGE = YES_ERROR;
				CLANG_WARN_DOCUMENTATION_COMMENTS = YES;
				CLANG_WARN_EMPTY_BODY = YES;
				CLANG_WARN_ENUM_CONVERSION = YES;
				CLANG_WARN_INFINITE_RECURSION = YES;
				CLANG_WARN_INT_CONVERSION = YES;
				CLANG_WARN_NON_LITERAL_NULL_CONVERSION = YES;
				CLANG_WARN_OBJC_IMPLICIT_RETAIN_SELF = YES;
				CLANG_WARN_OBJC_LITERAL_CONVERSION = YES;
				CLANG_WARN_OBJC_ROOT_CLASS = YES_ERROR;
				CLANG_WARN_QUOTED_INCLUDE_IN_FRAMEWORK_HEADER = YES;
				CLANG_WARN_RANGE_LOOP_ANALYSIS = YES;
				CLANG_WARN_STRICT_PROTOTYPES = YES;
				CLANG_WARN_SUSPICIOUS_MOVE = YES;
				CLANG_WARN_UNGUARDED_AVAILABILITY = YES_AGGRESSIVE;
				CLANG_WARN_UNREACHABLE_CODE = YES;
				CLANG_WARN__DUPLICATE_METHOD_MATCH = YES;
				COPY_PHASE_STRIP = NO;
				DEBUG_INFORMATION_FORMAT = "dwarf-with-dsym";
				ENABLE_NS_ASSERTIONS = NO;
				ENABLE_STRICT_OBJC_MSGSEND = YES;
				GCC_C_LANGUAGE_STANDARD = gnu11;
				GCC_NO_COMMON_BLOCKS = YES;
				GCC_WARN_64_TO_32_BIT_CONVERSION = YES;
				GCC_WARN_ABOUT_RETURN_TYPE = YES_ERROR;
				GCC_WARN_UNDECLARED_SELECTOR = YES;
				GCC_WARN_UNINITIALIZED_AUTOS = YES_AGGRESSIVE;
				GCC_WARN_UNUSED_FUNCTION = YES;
				GCC_WARN_UNUSED_VARIABLE = YES;
				IPHONEOS_DEPLOYMENT_TARGET = 14.0;
				MTL_ENABLE_DEBUG_INFO = NO;
				MTL_FAST_MATH = YES;
				SDKROOT = iphoneos;
				VALIDATE_PRODUCT = YES;
			};
			name = Release;
		};
		046EA8A125811DAE0098C341 /* Debug */ = {
			isa = XCBuildConfiguration;
			buildSettings = {
				ASSETCATALOG_COMPILER_APPICON_NAME = AppIcon;
				ASSETCATALOG_COMPILER_GLOBAL_ACCENT_COLOR_NAME = AccentColor;
				CODE_SIGN_STYLE = Automatic;
				DEVELOPMENT_TEAM = VVTLVSMJ6Q;
				INFOPLIST_FILE = "WCT设计模式-组合模式/Info.plist";
				LD_RUNPATH_SEARCH_PATHS = (
					"$(inherited)",
					"@executable_path/Frameworks",
				);
				PRODUCT_BUNDLE_IDENTIFIER = "wctloveios-163.com.WCT---------";
				PRODUCT_NAME = "$(TARGET_NAME)";
				TARGETED_DEVICE_FAMILY = "1,2";
			};
			name = Debug;
		};
		046EA8A225811DAE0098C341 /* Release */ = {
			isa = XCBuildConfiguration;
			buildSettings = {
				ASSETCATALOG_COMPILER_APPICON_NAME = AppIcon;
				ASSETCATALOG_COMPILER_GLOBAL_ACCENT_COLOR_NAME = AccentColor;
				CODE_SIGN_STYLE = Automatic;
				DEVELOPMENT_TEAM = VVTLVSMJ6Q;
				INFOPLIST_FILE = "WCT设计模式-组合模式/Info.plist";
				LD_RUNPATH_SEARCH_PATHS = (
					"$(inherited)",
					"@executable_path/Frameworks",
				);
				PRODUCT_BUNDLE_IDENTIFIER = "wctloveios-163.com.WCT---------";
				PRODUCT_NAME = "$(TARGET_NAME)";
				TARGETED_DEVICE_FAMILY = "1,2";
			};
			name = Release;
		};
		046EA8A425811DAE0098C341 /* Debug */ = {
			isa = XCBuildConfiguration;
			buildSettings = {
				BUNDLE_LOADER = "$(TEST_HOST)";
				CODE_SIGN_STYLE = Automatic;
				DEVELOPMENT_TEAM = VVTLVSMJ6Q;
				INFOPLIST_FILE = "WCT设计模式-组合模式Tests/Info.plist";
				IPHONEOS_DEPLOYMENT_TARGET = 14.0;
				LD_RUNPATH_SEARCH_PATHS = (
					"$(inherited)",
					"@executable_path/Frameworks",
					"@loader_path/Frameworks",
				);
				PRODUCT_BUNDLE_IDENTIFIER = "wctloveios-163.com.WCT---------Tests";
				PRODUCT_NAME = "$(TARGET_NAME)";
				TARGETED_DEVICE_FAMILY = "1,2";
				TEST_HOST = "$(BUILT_PRODUCTS_DIR)/WCT设计模式-组合模式.app/WCT设计模式-组合模式";
			};
			name = Debug;
		};
		046EA8A525811DAE0098C341 /* Release */ = {
			isa = XCBuildConfiguration;
			buildSettings = {
				BUNDLE_LOADER = "$(TEST_HOST)";
				CODE_SIGN_STYLE = Automatic;
				DEVELOPMENT_TEAM = VVTLVSMJ6Q;
				INFOPLIST_FILE = "WCT设计模式-组合模式Tests/Info.plist";
				IPHONEOS_DEPLOYMENT_TARGET = 14.0;
				LD_RUNPATH_SEARCH_PATHS = (
					"$(inherited)",
					"@executable_path/Frameworks",
					"@loader_path/Frameworks",
				);
				PRODUCT_BUNDLE_IDENTIFIER = "wctloveios-163.com.WCT---------Tests";
				PRODUCT_NAME = "$(TARGET_NAME)";
				TARGETED_DEVICE_FAMILY = "1,2";
				TEST_HOST = "$(BUILT_PRODUCTS_DIR)/WCT设计模式-组合模式.app/WCT设计模式-组合模式";
			};
			name = Release;
		};
		046EA8A725811DAE0098C341 /* Debug */ = {
			isa = XCBuildConfiguration;
			buildSettings = {
				CODE_SIGN_STYLE = Automatic;
				DEVELOPMENT_TEAM = VVTLVSMJ6Q;
				INFOPLIST_FILE = "WCT设计模式-组合模式UITests/Info.plist";
				LD_RUNPATH_SEARCH_PATHS = (
					"$(inherited)",
					"@executable_path/Frameworks",
					"@loader_path/Frameworks",
				);
				PRODUCT_BUNDLE_IDENTIFIER = "wctloveios-163.com.WCT---------UITests";
				PRODUCT_NAME = "$(TARGET_NAME)";
				TARGETED_DEVICE_FAMILY = "1,2";
				TEST_TARGET_NAME = "WCT设计模式-组合模式";
			};
			name = Debug;
		};
		046EA8A825811DAE0098C341 /* Release */ = {
			isa = XCBuildConfiguration;
			buildSettings = {
				CODE_SIGN_STYLE = Automatic;
				DEVELOPMENT_TEAM = VVTLVSMJ6Q;
				INFOPLIST_FILE = "WCT设计模式-组合模式UITests/Info.plist";
				LD_RUNPATH_SEARCH_PATHS = (
					"$(inherited)",
					"@executable_path/Frameworks",
					"@loader_path/Frameworks",
				);
				PRODUCT_BUNDLE_IDENTIFIER = "wctloveios-163.com.WCT---------UITests";
				PRODUCT_NAME = "$(TARGET_NAME)";
				TARGETED_DEVICE_FAMILY = "1,2";
				TEST_TARGET_NAME = "WCT设计模式-组合模式";
			};
			name = Release;
		};
/* End XCBuildConfiguration section */

/* Begin XCConfigurationList section */
		046EA86C25811DAC0098C341 /* Build configuration list for PBXProject "WCT设计模式-组合模式" */ = {
			isa = XCConfigurationList;
			buildConfigurations = (
				046EA89E25811DAE0098C341 /* Debug */,
				046EA89F25811DAE0098C341 /* Release */,
			);
			defaultConfigurationIsVisible = 0;
			defaultConfigurationName = Release;
		};
		046EA8A025811DAE0098C341 /* Build configuration list for PBXNativeTarget "WCT设计模式-组合模式" */ = {
			isa = XCConfigurationList;
			buildConfigurations = (
				046EA8A125811DAE0098C341 /* Debug */,
				046EA8A225811DAE0098C341 /* Release */,
			);
			defaultConfigurationIsVisible = 0;
			defaultConfigurationName = Release;
		};
		046EA8A325811DAE0098C341 /* Build configuration list for PBXNativeTarget "WCT设计模式-组合模式Tests" */ = {
			isa = XCConfigurationList;
			buildConfigurations = (
				046EA8A425811DAE0098C341 /* Debug */,
				046EA8A525811DAE0098C341 /* Release */,
			);
			defaultConfigurationIsVisible = 0;
			defaultConfigurationName = Release;
		};
		046EA8A625811DAE0098C341 /* Build configuration list for PBXNativeTarget "WCT设计模式-组合模式UITests" */ = {
			isa = XCConfigurationList;
			buildConfigurations = (
				046EA8A725811DAE0098C341 /* Debug */,
				046EA8A825811DAE0098C341 /* Release */,
			);
			defaultConfigurationIsVisible = 0;
			defaultConfigurationName = Release;
		};
/* End XCConfigurationList section */
	};
	rootObject = 046EA86925811DAC0098C341 /* Project object */;
}
