// !$*UTF8*$!
{
	archiveVersion = 1;
	classes = {
	};
	objectVersion = 50;
	objects = {

/* Begin PBXBuildFile section */
		049B746E2583B686002B41A8 /* AppDelegate.m in Sources */ = {isa = PBXBuildFile; fileRef = 049B746D2583B686002B41A8 /* AppDelegate.m */; };
		049B74712583B686002B41A8 /* SceneDelegate.m in Sources */ = {isa = PBXBuildFile; fileRef = 049B74702583B686002B41A8 /* SceneDelegate.m */; };
		049B74742583B686002B41A8 /* ViewController.m in Sources */ = {isa = PBXBuildFile; fileRef = 049B74732583B686002B41A8 /* ViewController.m */; };
		049B74772583B686002B41A8 /* Main.storyboard in Resources */ = {isa = PBXBuildFile; fileRef = 049B74752583B686002B41A8 /* Main.storyboard */; };
		049B74792583B687002B41A8 /* Assets.xcassets in Resources */ = {isa = PBXBuildFile; fileRef = 049B74782583B687002B41A8 /* Assets.xcassets */; };
		049B747C2583B687002B41A8 /* LaunchScreen.storyboard in Resources */ = {isa = PBXBuildFile; fileRef = 049B747A2583B687002B41A8 /* LaunchScreen.storyboard */; };
		049B747F2583B687002B41A8 /* main.m in Sources */ = {isa = PBXBuildFile; fileRef = 049B747E2583B687002B41A8 /* main.m */; };
		049B74892583B688002B41A8 /* WCT__________Tests.m in Sources */ = {isa = PBXBuildFile; fileRef = 049B74882583B688002B41A8 /* WCT__________Tests.m */; };
		049B74942583B688002B41A8 /* WCT__________UITests.m in Sources */ = {isa = PBXBuildFile; fileRef = 049B74932583B688002B41A8 /* WCT__________UITests.m */; };
		049B74A62583B6A6002B41A8 /* NimoEngine.m in Sources */ = {isa = PBXBuildFile; fileRef = 049B74A52583B6A6002B41A8 /* NimoEngine.m */; };
		049B74AC2583B70B002B41A8 /* NimoWheel.m in Sources */ = {isa = PBXBuildFile; fileRef = 049B74AB2583B70B002B41A8 /* NimoWheel.m */; };
		049B74B82583B764002B41A8 /* NimoCar.m in Sources */ = {isa = PBXBuildFile; fileRef = 049B74B72583B764002B41A8 /* NimoCar.m */; };
		049B74C72583C410002B41A8 /* NimoComponentUpgrade.m in Sources */ = {isa = PBXBuildFile; fileRef = 049B74C62583C410002B41A8 /* NimoComponentUpgrade.m */; };
		049B74D62583C671002B41A8 /* NimoCustromDriver.m in Sources */ = {isa = PBXBuildFile; fileRef = 049B74D52583C671002B41A8 /* NimoCustromDriver.m */; };
		049B74E72583C8AD002B41A8 /* 访问者设计模式.md in Resources */ = {isa = PBXBuildFile; fileRef = 049B74E62583C8AD002B41A8 /* 访问者设计模式.md */; };
/* End PBXBuildFile section */

/* Begin PBXContainerItemProxy section */
		049B74852583B688002B41A8 /* PBXContainerItemProxy */ = {
			isa = PBXContainerItemProxy;
			containerPortal = 049B74612583B686002B41A8 /* Project object */;
			proxyType = 1;
			remoteGlobalIDString = 049B74682583B686002B41A8;
			remoteInfo = "WCT设计模式-访问者模式";
		};
		049B74902583B688002B41A8 /* PBXContainerItemProxy */ = {
			isa = PBXContainerItemProxy;
			containerPortal = 049B74612583B686002B41A8 /* Project object */;
			proxyType = 1;
			remoteGlobalIDString = 049B74682583B686002B41A8;
			remoteInfo = "WCT设计模式-访问者模式";
		};
/* End PBXContainerItemProxy section */

/* Begin PBXFileReference section */
		049B74692583B686002B41A8 /* WCT设计模式-访问者模式.app */ = {isa = PBXFileReference; explicitFileType = wrapper.application; includeInIndex = 0; path = "WCT设计模式-访问者模式.app"; sourceTree = BUILT_PRODUCTS_DIR; };
		049B746C2583B686002B41A8 /* AppDelegate.h */ = {isa = PBXFileReference; lastKnownFileType = sourcecode.c.h; path = AppDelegate.h; sourceTree = "<group>"; };
		049B746D2583B686002B41A8 /* AppDelegate.m */ = {isa = PBXFileReference; lastKnownFileType = sourcecode.c.objc; path = AppDelegate.m; sourceTree = "<group>"; };
		049B746F2583B686002B41A8 /* SceneDelegate.h */ = {isa = PBXFileReference; lastKnownFileType = sourcecode.c.h; path = SceneDelegate.h; sourceTree = "<group>"; };
		049B74702583B686002B41A8 /* SceneDelegate.m */ = {isa = PBXFileReference; lastKnownFileType = sourcecode.c.objc; path = SceneDelegate.m; sourceTree = "<group>"; };
		049B74722583B686002B41A8 /* ViewController.h */ = {isa = PBXFileReference; lastKnownFileType = sourcecode.c.h; path = ViewController.h; sourceTree = "<group>"; };
		049B74732583B686002B41A8 /* ViewController.m */ = {isa = PBXFileReference; lastKnownFileType = sourcecode.c.objc; path = ViewController.m; sourceTree = "<group>"; };
		049B74762583B686002B41A8 /* Base */ = {isa = PBXFileReference; lastKnownFileType = file.storyboard; name = Base; path = Base.lproj/Main.storyboard; sourceTree = "<group>"; };
		049B74782583B687002B41A8 /* Assets.xcassets */ = {isa = PBXFileReference; lastKnownFileType = folder.assetcatalog; path = Assets.xcassets; sourceTree = "<group>"; };
		049B747B2583B687002B41A8 /* Base */ = {isa = PBXFileReference; lastKnownFileType = file.storyboard; name = Base; path = Base.lproj/LaunchScreen.storyboard; sourceTree = "<group>"; };
		049B747D2583B687002B41A8 /* Info.plist */ = {isa = PBXFileReference; lastKnownFileType = text.plist.xml; path = Info.plist; sourceTree = "<group>"; };
		049B747E2583B687002B41A8 /* main.m */ = {isa = PBXFileReference; lastKnownFileType = sourcecode.c.objc; path = main.m; sourceTree = "<group>"; };
		049B74842583B688002B41A8 /* WCT设计模式-访问者模式Tests.xctest */ = {isa = PBXFileReference; explicitFileType = wrapper.cfbundle; includeInIndex = 0; path = "WCT设计模式-访问者模式Tests.xctest"; sourceTree = BUILT_PRODUCTS_DIR; };
		049B74882583B688002B41A8 /* WCT__________Tests.m */ = {isa = PBXFileReference; lastKnownFileType = sourcecode.c.objc; path = "WCT__________Tests.m"; sourceTree = "<group>"; };
		049B748A2583B688002B41A8 /* Info.plist */ = {isa = PBXFileReference; lastKnownFileType = text.plist.xml; path = Info.plist; sourceTree = "<group>"; };
		049B748F2583B688002B41A8 /* WCT设计模式-访问者模式UITests.xctest */ = {isa = PBXFileReference; explicitFileType = wrapper.cfbundle; includeInIndex = 0; path = "WCT设计模式-访问者模式UITests.xctest"; sourceTree = BUILT_PRODUCTS_DIR; };
		049B74932583B688002B41A8 /* WCT__________UITests.m */ = {isa = PBXFileReference; lastKnownFileType = sourcecode.c.objc; path = "WCT__________UITests.m"; sourceTree = "<group>"; };
		049B74952583B688002B41A8 /* Info.plist */ = {isa = PBXFileReference; lastKnownFileType = text.plist.xml; path = Info.plist; sourceTree = "<group>"; };
		049B74A42583B6A6002B41A8 /* NimoEngine.h */ = {isa = PBXFileReference; lastKnownFileType = sourcecode.c.h; path = NimoEngine.h; sourceTree = "<group>"; };
		049B74A52583B6A6002B41A8 /* NimoEngine.m */ = {isa = PBXFileReference; lastKnownFileType = sourcecode.c.objc; path = NimoEngine.m; sourceTree = "<group>"; };
		049B74AA2583B70B002B41A8 /* NimoWheel.h */ = {isa = PBXFileReference; lastKnownFileType = sourcecode.c.h; path = NimoWheel.h; sourceTree = "<group>"; };
		049B74AB2583B70B002B41A8 /* NimoWheel.m */ = {isa = PBXFileReference; lastKnownFileType = sourcecode.c.objc; path = NimoWheel.m; sourceTree = "<group>"; };
		049B74B62583B764002B41A8 /* NimoCar.h */ = {isa = PBXFileReference; lastKnownFileType = sourcecode.c.h; path = NimoCar.h; sourceTree = "<group>"; };
		049B74B72583B764002B41A8 /* NimoCar.m */ = {isa = PBXFileReference; lastKnownFileType = sourcecode.c.objc; path = NimoCar.m; sourceTree = "<group>"; };
		049B74BF2583BA83002B41A8 /* NimoComponentVisitor.h */ = {isa = PBXFileReference; lastKnownFileType = sourcecode.c.h; path = NimoComponentVisitor.h; sourceTree = "<group>"; };
		049B74C52583C410002B41A8 /* NimoComponentUpgrade.h */ = {isa = PBXFileReference; lastKnownFileType = sourcecode.c.h; path = NimoComponentUpgrade.h; sourceTree = "<group>"; };
		049B74C62583C410002B41A8 /* NimoComponentUpgrade.m */ = {isa = PBXFileReference; lastKnownFileType = sourcecode.c.objc; path = NimoComponentUpgrade.m; sourceTree = "<group>"; };
		049B74D42583C671002B41A8 /* NimoCustromDriver.h */ = {isa = PBXFileReference; lastKnownFileType = sourcecode.c.h; path = NimoCustromDriver.h; sourceTree = "<group>"; };
		049B74D52583C671002B41A8 /* NimoCustromDriver.m */ = {isa = PBXFileReference; lastKnownFileType = sourcecode.c.objc; path = NimoCustromDriver.m; sourceTree = "<group>"; };
		049B74E62583C8AD002B41A8 /* 访问者设计模式.md */ = {isa = PBXFileReference; fileEncoding = 4; lastKnownFileType = net.daringfireball.markdown; path = "访问者设计模式.md"; sourceTree = "<group>"; };
/* End PBXFileReference section */

/* Begin PBXFrameworksBuildPhase section */
		049B74662583B686002B41A8 /* Frameworks */ = {
			isa = PBXFrameworksBuildPhase;
			buildActionMask = 2147483647;
			files = (
			);
			runOnlyForDeploymentPostprocessing = 0;
		};
		049B74812583B688002B41A8 /* Frameworks */ = {
			isa = PBXFrameworksBuildPhase;
			buildActionMask = 2147483647;
			files = (
			);
			runOnlyForDeploymentPostprocessing = 0;
		};
		049B748C2583B688002B41A8 /* Frameworks */ = {
			isa = PBXFrameworksBuildPhase;
			buildActionMask = 2147483647;
			files = (
			);
			runOnlyForDeploymentPostprocessing = 0;
		};
/* End PBXFrameworksBuildPhase section */

/* Begin PBXGroup section */
		049B74602583B686002B41A8 = {
			isa = PBXGroup;
			children = (
				049B746B2583B686002B41A8 /* WCT设计模式-访问者模式 */,
				049B74872583B688002B41A8 /* WCT设计模式-访问者模式Tests */,
				049B74922583B688002B41A8 /* WCT设计模式-访问者模式UITests */,
				049B746A2583B686002B41A8 /* Products */,
			);
			sourceTree = "<group>";
		};
		049B746A2583B686002B41A8 /* Products */ = {
			isa = PBXGroup;
			children = (
				049B74692583B686002B41A8 /* WCT设计模式-访问者模式.app */,
				049B74842583B688002B41A8 /* WCT设计模式-访问者模式Tests.xctest */,
				049B748F2583B688002B41A8 /* WCT设计模式-访问者模式UITests.xctest */,
			);
			name = Products;
			sourceTree = "<group>";
		};
		049B746B2583B686002B41A8 /* WCT设计模式-访问者模式 */ = {
			isa = PBXGroup;
			children = (
				049B746C2583B686002B41A8 /* AppDelegate.h */,
				049B746D2583B686002B41A8 /* AppDelegate.m */,
				049B746F2583B686002B41A8 /* SceneDelegate.h */,
				049B74702583B686002B41A8 /* SceneDelegate.m */,
				049B74722583B686002B41A8 /* ViewController.h */,
				049B74732583B686002B41A8 /* ViewController.m */,
				049B74C32583C3DA002B41A8 /* 增加访问者模式 */,
				049B74752583B686002B41A8 /* Main.storyboard */,
				049B74782583B687002B41A8 /* Assets.xcassets */,
				049B747A2583B687002B41A8 /* LaunchScreen.storyboard */,
				049B747D2583B687002B41A8 /* Info.plist */,
				049B747E2583B687002B41A8 /* main.m */,
			);
			path = "WCT设计模式-访问者模式";
			sourceTree = "<group>";
		};
		049B74872583B688002B41A8 /* WCT设计模式-访问者模式Tests */ = {
			isa = PBXGroup;
			children = (
				049B74882583B688002B41A8 /* WCT__________Tests.m */,
				049B748A2583B688002B41A8 /* Info.plist */,
			);
			path = "WCT设计模式-访问者模式Tests";
			sourceTree = "<group>";
		};
		049B74922583B688002B41A8 /* WCT设计模式-访问者模式UITests */ = {
			isa = PBXGroup;
			children = (
				049B74932583B688002B41A8 /* WCT__________UITests.m */,
				049B74952583B688002B41A8 /* Info.plist */,
			);
			path = "WCT设计模式-访问者模式UITests";
			sourceTree = "<group>";
		};
		049B74C32583C3DA002B41A8 /* 增加访问者模式 */ = {
			isa = PBXGroup;
			children = (
				049B74E62583C8AD002B41A8 /* 访问者设计模式.md */,
				049B74C42583C3ED002B41A8 /* 访问元素 */,
				049B74CF2583C446002B41A8 /* 访问协议（遵守代表可访问） */,
				049B74DD2583C83C002B41A8 /* 增加访问者（视情况增加协议） */,
			);
			path = "增加访问者模式";
			sourceTree = "<group>";
		};
		049B74C42583C3ED002B41A8 /* 访问元素 */ = {
			isa = PBXGroup;
			children = (
				049B74A42583B6A6002B41A8 /* NimoEngine.h */,
				049B74A52583B6A6002B41A8 /* NimoEngine.m */,
				049B74AA2583B70B002B41A8 /* NimoWheel.h */,
				049B74AB2583B70B002B41A8 /* NimoWheel.m */,
				049B74B62583B764002B41A8 /* NimoCar.h */,
				049B74B72583B764002B41A8 /* NimoCar.m */,
			);
			path = "访问元素";
			sourceTree = "<group>";
		};
		049B74CE2583C42E002B41A8 /* 增加访问者（维修人员） */ = {
			isa = PBXGroup;
			children = (
				049B74C52583C410002B41A8 /* NimoComponentUpgrade.h */,
				049B74C62583C410002B41A8 /* NimoComponentUpgrade.m */,
			);
			path = "增加访问者（维修人员）";
			sourceTree = "<group>";
		};
		049B74CF2583C446002B41A8 /* 访问协议（遵守代表可访问） */ = {
			isa = PBXGroup;
			children = (
				049B74BF2583BA83002B41A8 /* NimoComponentVisitor.h */,
			);
			path = "访问协议（遵守代表可访问）";
			sourceTree = "<group>";
		};
		049B74D32583C591002B41A8 /* 增加访问者（客户试驾） */ = {
			isa = PBXGroup;
			children = (
				049B74D42583C671002B41A8 /* NimoCustromDriver.h */,
				049B74D52583C671002B41A8 /* NimoCustromDriver.m */,
			);
			path = "增加访问者（客户试驾）";
			sourceTree = "<group>";
		};
		049B74DD2583C83C002B41A8 /* 增加访问者（视情况增加协议） */ = {
			isa = PBXGroup;
			children = (
				049B74D32583C591002B41A8 /* 增加访问者（客户试驾） */,
				049B74CE2583C42E002B41A8 /* 增加访问者（维修人员） */,
			);
			path = "增加访问者（视情况增加协议）";
			sourceTree = "<group>";
		};
/* End PBXGroup section */

/* Begin PBXNativeTarget section */
		049B74682583B686002B41A8 /* WCT设计模式-访问者模式 */ = {
			isa = PBXNativeTarget;
			buildConfigurationList = 049B74982583B688002B41A8 /* Build configuration list for PBXNativeTarget "WCT设计模式-访问者模式" */;
			buildPhases = (
				049B74652583B686002B41A8 /* Sources */,
				049B74662583B686002B41A8 /* Frameworks */,
				049B74672583B686002B41A8 /* Resources */,
			);
			buildRules = (
			);
			dependencies = (
			);
			name = "WCT设计模式-访问者模式";
			productName = "WCT设计模式-访问者模式";
			productReference = 049B74692583B686002B41A8 /* WCT设计模式-访问者模式.app */;
			productType = "com.apple.product-type.application";
		};
		049B74832583B688002B41A8 /* WCT设计模式-访问者模式Tests */ = {
			isa = PBXNativeTarget;
			buildConfigurationList = 049B749B2583B688002B41A8 /* Build configuration list for PBXNativeTarget "WCT设计模式-访问者模式Tests" */;
			buildPhases = (
				049B74802583B688002B41A8 /* Sources */,
				049B74812583B688002B41A8 /* Frameworks */,
				049B74822583B688002B41A8 /* Resources */,
			);
			buildRules = (
			);
			dependencies = (
				049B74862583B688002B41A8 /* PBXTargetDependency */,
			);
			name = "WCT设计模式-访问者模式Tests";
			productName = "WCT设计模式-访问者模式Tests";
			productReference = 049B74842583B688002B41A8 /* WCT设计模式-访问者模式Tests.xctest */;
			productType = "com.apple.product-type.bundle.unit-test";
		};
		049B748E2583B688002B41A8 /* WCT设计模式-访问者模式UITests */ = {
			isa = PBXNativeTarget;
			buildConfigurationList = 049B749E2583B688002B41A8 /* Build configuration list for PBXNativeTarget "WCT设计模式-访问者模式UITests" */;
			buildPhases = (
				049B748B2583B688002B41A8 /* Sources */,
				049B748C2583B688002B41A8 /* Frameworks */,
				049B748D2583B688002B41A8 /* Resources */,
			);
			buildRules = (
			);
			dependencies = (
				049B74912583B688002B41A8 /* PBXTargetDependency */,
			);
			name = "WCT设计模式-访问者模式UITests";
			productName = "WCT设计模式-访问者模式UITests";
			productReference = 049B748F2583B688002B41A8 /* WCT设计模式-访问者模式UITests.xctest */;
			productType = "com.apple.product-type.bundle.ui-testing";
		};
/* End PBXNativeTarget section */

/* Begin PBXProject section */
		049B74612583B686002B41A8 /* Project object */ = {
			isa = PBXProject;
			attributes = {
				LastUpgradeCheck = 1200;
				TargetAttributes = {
					049B74682583B686002B41A8 = {
						CreatedOnToolsVersion = 12.0.1;
					};
					049B74832583B688002B41A8 = {
						CreatedOnToolsVersion = 12.0.1;
						TestTargetID = 049B74682583B686002B41A8;
					};
					049B748E2583B688002B41A8 = {
						CreatedOnToolsVersion = 12.0.1;
						TestTargetID = 049B74682583B686002B41A8;
					};
				};
			};
			buildConfigurationList = 049B74642583B686002B41A8 /* Build configuration list for PBXProject "WCT设计模式-访问者模式" */;
			compatibilityVersion = "Xcode 9.3";
			developmentRegion = en;
			hasScannedForEncodings = 0;
			knownRegions = (
				en,
				Base,
			);
			mainGroup = 049B74602583B686002B41A8;
			productRefGroup = 049B746A2583B686002B41A8 /* Products */;
			projectDirPath = "";
			projectRoot = "";
			targets = (
				049B74682583B686002B41A8 /* WCT设计模式-访问者模式 */,
				049B74832583B688002B41A8 /* WCT设计模式-访问者模式Tests */,
				049B748E2583B688002B41A8 /* WCT设计模式-访问者模式UITests */,
			);
		};
/* End PBXProject section */

/* Begin PBXResourcesBuildPhase section */
		049B74672583B686002B41A8 /* Resources */ = {
			isa = PBXResourcesBuildPhase;
			buildActionMask = 2147483647;
			files = (
				049B747C2583B687002B41A8 /* LaunchScreen.storyboard in Resources */,
				049B74792583B687002B41A8 /* Assets.xcassets in Resources */,
				049B74E72583C8AD002B41A8 /* 访问者设计模式.md in Resources */,
				049B74772583B686002B41A8 /* Main.storyboard in Resources */,
			);
			runOnlyForDeploymentPostprocessing = 0;
		};
		049B74822583B688002B41A8 /* Resources */ = {
			isa = PBXResourcesBuildPhase;
			buildActionMask = 2147483647;
			files = (
			);
			runOnlyForDeploymentPostprocessing = 0;
		};
		049B748D2583B688002B41A8 /* Resources */ = {
			isa = PBXResourcesBuildPhase;
			buildActionMask = 2147483647;
			files = (
			);
			runOnlyForDeploymentPostprocessing = 0;
		};
/* End PBXResourcesBuildPhase section */

/* Begin PBXSourcesBuildPhase section */
		049B74652583B686002B41A8 /* Sources */ = {
			isa = PBXSourcesBuildPhase;
			buildActionMask = 2147483647;
			files = (
				049B74D62583C671002B41A8 /* NimoCustromDriver.m in Sources */,
				049B74A62583B6A6002B41A8 /* NimoEngine.m in Sources */,
				049B74742583B686002B41A8 /* ViewController.m in Sources */,
				049B74AC2583B70B002B41A8 /* NimoWheel.m in Sources */,
				049B746E2583B686002B41A8 /* AppDelegate.m in Sources */,
				049B74B82583B764002B41A8 /* NimoCar.m in Sources */,
				049B747F2583B687002B41A8 /* main.m in Sources */,
				049B74712583B686002B41A8 /* SceneDelegate.m in Sources */,
				049B74C72583C410002B41A8 /* NimoComponentUpgrade.m in Sources */,
			);
			runOnlyForDeploymentPostprocessing = 0;
		};
		049B74802583B688002B41A8 /* Sources */ = {
			isa = PBXSourcesBuildPhase;
			buildActionMask = 2147483647;
			files = (
				049B74892583B688002B41A8 /* WCT__________Tests.m in Sources */,
			);
			runOnlyForDeploymentPostprocessing = 0;
		};
		049B748B2583B688002B41A8 /* Sources */ = {
			isa = PBXSourcesBuildPhase;
			buildActionMask = 2147483647;
			files = (
				049B74942583B688002B41A8 /* WCT__________UITests.m in Sources */,
			);
			runOnlyForDeploymentPostprocessing = 0;
		};
/* End PBXSourcesBuildPhase section */

/* Begin PBXTargetDependency section */
		049B74862583B688002B41A8 /* PBXTargetDependency */ = {
			isa = PBXTargetDependency;
			target = 049B74682583B686002B41A8 /* WCT设计模式-访问者模式 */;
			targetProxy = 049B74852583B688002B41A8 /* PBXContainerItemProxy */;
		};
		049B74912583B688002B41A8 /* PBXTargetDependency */ = {
			isa = PBXTargetDependency;
			target = 049B74682583B686002B41A8 /* WCT设计模式-访问者模式 */;
			targetProxy = 049B74902583B688002B41A8 /* PBXContainerItemProxy */;
		};
/* End PBXTargetDependency section */

/* Begin PBXVariantGroup section */
		049B74752583B686002B41A8 /* Main.storyboard */ = {
			isa = PBXVariantGroup;
			children = (
				049B74762583B686002B41A8 /* Base */,
			);
			name = Main.storyboard;
			sourceTree = "<group>";
		};
		049B747A2583B687002B41A8 /* LaunchScreen.storyboard */ = {
			isa = PBXVariantGroup;
			children = (
				049B747B2583B687002B41A8 /* Base */,
			);
			name = LaunchScreen.storyboard;
			sourceTree = "<group>";
		};
/* End PBXVariantGroup section */

/* Begin XCBuildConfiguration section */
		049B74962583B688002B41A8 /* Debug */ = {
			isa = XCBuildConfiguration;
			buildSettings = {
				ALWAYS_SEARCH_USER_PATHS = NO;
				CLANG_ANALYZER_NONNULL = YES;
				CLANG_ANALYZER_NUMBER_OBJECT_CONVERSION = YES_AGGRESSIVE;
				CLANG_CXX_LANGUAGE_STANDARD = "gnu++14";
				CLANG_CXX_LIBRARY = "libc++";
				CLANG_ENABLE_MODULES = YES;
				CLANG_ENABLE_OBJC_ARC = YES;
				CLANG_ENABLE_OBJC_WEAK = YES;
				CLANG_WARN_BLOCK_CAPTURE_AUTORELEASING = YES;
				CLANG_WARN_BOOL_CONVERSION = YES;
				CLANG_WARN_COMMA = YES;
				CLANG_WARN_CONSTANT_CONVERSION = YES;
				CLANG_WARN_DEPRECATED_OBJC_IMPLEMENTATIONS = YES;
				CLANG_WARN_DIRECT_OBJC_ISA_USAGE = YES_ERROR;
				CLANG_WARN_DOCUMENTATION_COMMENTS = YES;
				CLANG_WARN_EMPTY_BODY = YES;
				CLANG_WARN_ENUM_CONVERSION = YES;
				CLANG_WARN_INFINITE_RECURSION = YES;
				CLANG_WARN_INT_CONVERSION = YES;
				CLANG_WARN_NON_LITERAL_NULL_CONVERSION = YES;
				CLANG_WARN_OBJC_IMPLICIT_RETAIN_SELF = YES;
				CLANG_WARN_OBJC_LITERAL_CONVERSION = YES;
				CLANG_WARN_OBJC_ROOT_CLASS = YES_ERROR;
				CLANG_WARN_QUOTED_INCLUDE_IN_FRAMEWORK_HEADER = YES;
				CLANG_WARN_RANGE_LOOP_ANALYSIS = YES;
				CLANG_WARN_STRICT_PROTOTYPES = YES;
				CLANG_WARN_SUSPICIOUS_MOVE = YES;
				CLANG_WARN_UNGUARDED_AVAILABILITY = YES_AGGRESSIVE;
				CLANG_WARN_UNREACHABLE_CODE = YES;
				CLANG_WARN__DUPLICATE_METHOD_MATCH = YES;
				COPY_PHASE_STRIP = NO;
				DEBUG_INFORMATION_FORMAT = dwarf;
				ENABLE_STRICT_OBJC_MSGSEND = YES;
				ENABLE_TESTABILITY = YES;
				GCC_C_LANGUAGE_STANDARD = gnu11;
				GCC_DYNAMIC_NO_PIC = NO;
				GCC_NO_COMMON_BLOCKS = YES;
				GCC_OPTIMIZATION_LEVEL = 0;
				GCC_PREPROCESSOR_DEFINITIONS = (
					"DEBUG=1",
					"$(inherited)",
				);
				GCC_WARN_64_TO_32_BIT_CONVERSION = YES;
				GCC_WARN_ABOUT_RETURN_TYPE = YES_ERROR;
				GCC_WARN_UNDECLARED_SELECTOR = YES;
				GCC_WARN_UNINITIALIZED_AUTOS = YES_AGGRESSIVE;
				GCC_WARN_UNUSED_FUNCTION = YES;
				GCC_WARN_UNUSED_VARIABLE = YES;
				IPHONEOS_DEPLOYMENT_TARGET = 14.0;
				MTL_ENABLE_DEBUG_INFO = INCLUDE_SOURCE;
				MTL_FAST_MATH = YES;
				ONLY_ACTIVE_ARCH = YES;
				SDKROOT = iphoneos;
			};
			name = Debug;
		};
		049B74972583B688002B41A8 /* Release */ = {
			isa = XCBuildConfiguration;
			buildSettings = {
				ALWAYS_SEARCH_USER_PATHS = NO;
				CLANG_ANALYZER_NONNULL = YES;
				CLANG_ANALYZER_NUMBER_OBJECT_CONVERSION = YES_AGGRESSIVE;
				CLANG_CXX_LANGUAGE_STANDARD = "gnu++14";
				CLANG_CXX_LIBRARY = "libc++";
				CLANG_ENABLE_MODULES = YES;
				CLANG_ENABLE_OBJC_ARC = YES;
				CLANG_ENABLE_OBJC_WEAK = YES;
				CLANG_WARN_BLOCK_CAPTURE_AUTORELEASING = YES;
				CLANG_WARN_BOOL_CONVERSION = YES;
				CLANG_WARN_COMMA = YES;
				CLANG_WARN_CONSTANT_CONVERSION = YES;
				CLANG_WARN_DEPRECATED_OBJC_IMPLEMENTATIONS = YES;
				CLANG_WARN_DIRECT_OBJC_ISA_USAGE = YES_ERROR;
				CLANG_WARN_DOCUMENTATION_COMMENTS = YES;
				CLANG_WARN_EMPTY_BODY = YES;
				CLANG_WARN_ENUM_CONVERSION = YES;
				CLANG_WARN_INFINITE_RECURSION = YES;
				CLANG_WARN_INT_CONVERSION = YES;
				CLANG_WARN_NON_LITERAL_NULL_CONVERSION = YES;
				CLANG_WARN_OBJC_IMPLICIT_RETAIN_SELF = YES;
				CLANG_WARN_OBJC_LITERAL_CONVERSION = YES;
				CLANG_WARN_OBJC_ROOT_CLASS = YES_ERROR;
				CLANG_WARN_QUOTED_INCLUDE_IN_FRAMEWORK_HEADER = YES;
				CLANG_WARN_RANGE_LOOP_ANALYSIS = YES;
				CLANG_WARN_STRICT_PROTOTYPES = YES;
				CLANG_WARN_SUSPICIOUS_MOVE = YES;
				CLANG_WARN_UNGUARDED_AVAILABILITY = YES_AGGRESSIVE;
				CLANG_WARN_UNREACHABLE_CODE = YES;
				CLANG_WARN__DUPLICATE_METHOD_MATCH = YES;
				COPY_PHASE_STRIP = NO;
				DEBUG_INFORMATION_FORMAT = "dwarf-with-dsym";
				ENABLE_NS_ASSERTIONS = NO;
				ENABLE_STRICT_OBJC_MSGSEND = YES;
				GCC_C_LANGUAGE_STANDARD = gnu11;
				GCC_NO_COMMON_BLOCKS = YES;
				GCC_WARN_64_TO_32_BIT_CONVERSION = YES;
				GCC_WARN_ABOUT_RETURN_TYPE = YES_ERROR;
				GCC_WARN_UNDECLARED_SELECTOR = YES;
				GCC_WARN_UNINITIALIZED_AUTOS = YES_AGGRESSIVE;
				GCC_WARN_UNUSED_FUNCTION = YES;
				GCC_WARN_UNUSED_VARIABLE = YES;
				IPHONEOS_DEPLOYMENT_TARGET = 14.0;
				MTL_ENABLE_DEBUG_INFO = NO;
				MTL_FAST_MATH = YES;
				SDKROOT = iphoneos;
				VALIDATE_PRODUCT = YES;
			};
			name = Release;
		};
		049B74992583B688002B41A8 /* Debug */ = {
			isa = XCBuildConfiguration;
			buildSettings = {
				ASSETCATALOG_COMPILER_APPICON_NAME = AppIcon;
				ASSETCATALOG_COMPILER_GLOBAL_ACCENT_COLOR_NAME = AccentColor;
				CODE_SIGN_STYLE = Automatic;
				DEVELOPMENT_TEAM = VVTLVSMJ6Q;
				INFOPLIST_FILE = "WCT设计模式-访问者模式/Info.plist";
				LD_RUNPATH_SEARCH_PATHS = (
					"$(inherited)",
					"@executable_path/Frameworks",
				);
				PRODUCT_BUNDLE_IDENTIFIER = "wctloveios-163.com.WCT----------";
				PRODUCT_NAME = "$(TARGET_NAME)";
				TARGETED_DEVICE_FAMILY = "1,2";
			};
			name = Debug;
		};
		049B749A2583B688002B41A8 /* Release */ = {
			isa = XCBuildConfiguration;
			buildSettings = {
				ASSETCATALOG_COMPILER_APPICON_NAME = AppIcon;
				ASSETCATALOG_COMPILER_GLOBAL_ACCENT_COLOR_NAME = AccentColor;
				CODE_SIGN_STYLE = Automatic;
				DEVELOPMENT_TEAM = VVTLVSMJ6Q;
				INFOPLIST_FILE = "WCT设计模式-访问者模式/Info.plist";
				LD_RUNPATH_SEARCH_PATHS = (
					"$(inherited)",
					"@executable_path/Frameworks",
				);
				PRODUCT_BUNDLE_IDENTIFIER = "wctloveios-163.com.WCT----------";
				PRODUCT_NAME = "$(TARGET_NAME)";
				TARGETED_DEVICE_FAMILY = "1,2";
			};
			name = Release;
		};
		049B749C2583B688002B41A8 /* Debug */ = {
			isa = XCBuildConfiguration;
			buildSettings = {
				BUNDLE_LOADER = "$(TEST_HOST)";
				CODE_SIGN_STYLE = Automatic;
				DEVELOPMENT_TEAM = VVTLVSMJ6Q;
				INFOPLIST_FILE = "WCT设计模式-访问者模式Tests/Info.plist";
				IPHONEOS_DEPLOYMENT_TARGET = 14.0;
				LD_RUNPATH_SEARCH_PATHS = (
					"$(inherited)",
					"@executable_path/Frameworks",
					"@loader_path/Frameworks",
				);
				PRODUCT_BUNDLE_IDENTIFIER = "wctloveios-163.com.WCT----------Tests";
				PRODUCT_NAME = "$(TARGET_NAME)";
				TARGETED_DEVICE_FAMILY = "1,2";
				TEST_HOST = "$(BUILT_PRODUCTS_DIR)/WCT设计模式-访问者模式.app/WCT设计模式-访问者模式";
			};
			name = Debug;
		};
		049B749D2583B688002B41A8 /* Release */ = {
			isa = XCBuildConfiguration;
			buildSettings = {
				BUNDLE_LOADER = "$(TEST_HOST)";
				CODE_SIGN_STYLE = Automatic;
				DEVELOPMENT_TEAM = VVTLVSMJ6Q;
				INFOPLIST_FILE = "WCT设计模式-访问者模式Tests/Info.plist";
				IPHONEOS_DEPLOYMENT_TARGET = 14.0;
				LD_RUNPATH_SEARCH_PATHS = (
					"$(inherited)",
					"@executable_path/Frameworks",
					"@loader_path/Frameworks",
				);
				PRODUCT_BUNDLE_IDENTIFIER = "wctloveios-163.com.WCT----------Tests";
				PRODUCT_NAME = "$(TARGET_NAME)";
				TARGETED_DEVICE_FAMILY = "1,2";
				TEST_HOST = "$(BUILT_PRODUCTS_DIR)/WCT设计模式-访问者模式.app/WCT设计模式-访问者模式";
			};
			name = Release;
		};
		049B749F2583B688002B41A8 /* Debug */ = {
			isa = XCBuildConfiguration;
			buildSettings = {
				CODE_SIGN_STYLE = Automatic;
				DEVELOPMENT_TEAM = VVTLVSMJ6Q;
				INFOPLIST_FILE = "WCT设计模式-访问者模式UITests/Info.plist";
				LD_RUNPATH_SEARCH_PATHS = (
					"$(inherited)",
					"@executable_path/Frameworks",
					"@loader_path/Frameworks",
				);
				PRODUCT_BUNDLE_IDENTIFIER = "wctloveios-163.com.WCT----------UITests";
				PRODUCT_NAME = "$(TARGET_NAME)";
				TARGETED_DEVICE_FAMILY = "1,2";
				TEST_TARGET_NAME = "WCT设计模式-访问者模式";
			};
			name = Debug;
		};
		049B74A02583B688002B41A8 /* Release */ = {
			isa = XCBuildConfiguration;
			buildSettings = {
				CODE_SIGN_STYLE = Automatic;
				DEVELOPMENT_TEAM = VVTLVSMJ6Q;
				INFOPLIST_FILE = "WCT设计模式-访问者模式UITests/Info.plist";
				LD_RUNPATH_SEARCH_PATHS = (
					"$(inherited)",
					"@executable_path/Frameworks",
					"@loader_path/Frameworks",
				);
				PRODUCT_BUNDLE_IDENTIFIER = "wctloveios-163.com.WCT----------UITests";
				PRODUCT_NAME = "$(TARGET_NAME)";
				TARGETED_DEVICE_FAMILY = "1,2";
				TEST_TARGET_NAME = "WCT设计模式-访问者模式";
			};
			name = Release;
		};
/* End XCBuildConfiguration section */

/* Begin XCConfigurationList section */
		049B74642583B686002B41A8 /* Build configuration list for PBXProject "WCT设计模式-访问者模式" */ = {
			isa = XCConfigurationList;
			buildConfigurations = (
				049B74962583B688002B41A8 /* Debug */,
				049B74972583B688002B41A8 /* Release */,
			);
			defaultConfigurationIsVisible = 0;
			defaultConfigurationName = Release;
		};
		049B74982583B688002B41A8 /* Build configuration list for PBXNativeTarget "WCT设计模式-访问者模式" */ = {
			isa = XCConfigurationList;
			buildConfigurations = (
				049B74992583B688002B41A8 /* Debug */,
				049B749A2583B688002B41A8 /* Release */,
			);
			defaultConfigurationIsVisible = 0;
			defaultConfigurationName = Release;
		};
		049B749B2583B688002B41A8 /* Build configuration list for PBXNativeTarget "WCT设计模式-访问者模式Tests" */ = {
			isa = XCConfigurationList;
			buildConfigurations = (
				049B749C2583B688002B41A8 /* Debug */,
				049B749D2583B688002B41A8 /* Release */,
			);
			defaultConfigurationIsVisible = 0;
			defaultConfigurationName = Release;
		};
		049B749E2583B688002B41A8 /* Build configuration list for PBXNativeTarget "WCT设计模式-访问者模式UITests" */ = {
			isa = XCConfigurationList;
			buildConfigurations = (
				049B749F2583B688002B41A8 /* Debug */,
				049B74A02583B688002B41A8 /* Release */,
			);
			defaultConfigurationIsVisible = 0;
			defaultConfigurationName = Release;
		};
/* End XCConfigurationList section */
	};
	rootObject = 049B74612583B686002B41A8 /* Project object */;
}
